Microsoft Visual Studio Solution File, Format Version 12.00
# Visual Studio Version 17
VisualStudioVersion = 17.5.2.0
MinimumVisualStudioVersion = 10.0.40219.1
Project("{FAE04EC0-301F-11D3-BF4B-00C04F79EFBC}") = "MyBackend", "Test-backend\MyBackend.csproj", "{B525875B-6FCB-4147-567D-61287CCDD30D}"
EndProject
Global
	GlobalSection(SolutionConfigurationPlatforms) = preSolution
		Debug|Any CPU = Debug|Any CPU
		Release|Any CPU = Release|Any CPU
	EndGlobalSection
	GlobalSection(ProjectConfigurationPlatforms) = postSolution
		{B525875B-6FCB-4147-567D-61287CCDD30D}.Debug|Any CPU.ActiveCfg = Debug|Any CPU
		{B525875B-6FCB-4147-567D-61287CCDD30D}.Debug|Any CPU.Build.0 = Debug|Any CPU
		{B525875B-6FCB-4147-567D-61287CCDD30D}.Release|Any CPU.ActiveCfg = Release|Any CPU
		{B525875B-6FCB-4147-567D-61287CCDD30D}.Release|Any CPU.Build.0 = Release|Any CPU
	EndGlobalSection
	GlobalSection(SolutionProperties) = preSolution
		HideSolutionNode = FALSE
	EndGlobalSection
	GlobalSection(ExtensibilityGlobals) = postSolution
		SolutionGuid = {7FFE2995-1CC8-435E-BF78-E68B04F87171}
	EndGlobalSection
EndGlobal
